// !$*UTF8*$!
{
	archiveVersion = 1;
	classes = {
	};
	objectVersion = 56;
	objects = {

/* Begin PBXBuildFile section */
		4E9936A62AEFC15D001C31FA /* MainTabView.swift in Sources */ = {isa = PBXBuildFile; fileRef = 4E9936A52AEFC15D001C31FA /* MainTabView.swift */; };
		4E9936AA2AEFC27C001C31FA /* SettingsView.swift in Sources */ = {isa = PBXBuildFile; fileRef = 4E9936A92AEFC27C001C31FA /* SettingsView.swift */; };
		4E9936B02AEFC5BB001C31FA /* ScannerView.swift in Sources */ = {isa = PBXBuildFile; fileRef = 4E9936AF2AEFC5BB001C31FA /* ScannerView.swift */; };
		4E9936B32AEFC6B1001C31FA /* CodeScanner in Frameworks */ = {isa = PBXBuildFile; productRef = 4E9936B22AEFC6B1001C31FA /* CodeScanner */; };
		4E9936B62AEFCE04001C31FA /* ScanHistoryView.swift in Sources */ = {isa = PBXBuildFile; fileRef = 4E9936B52AEFCE04001C31FA /* ScanHistoryView.swift */; };
		4E9936B92AEFD17B001C31FA /* ScanDataModel.swift in Sources */ = {isa = PBXBuildFile; fileRef = 4E9936B82AEFD17B001C31FA /* ScanDataModel.swift */; };
		4E9936BC2AEFD1F4001C31FA /* ScanHistoryManager.swift in Sources */ = {isa = PBXBuildFile; fileRef = 4E9936BB2AEFD1F4001C31FA /* ScanHistoryManager.swift */; };
		4E9936BE2AEFD515001C31FA /* ScanManager.swift in Sources */ = {isa = PBXBuildFile; fileRef = 4E9936BD2AEFD515001C31FA /* ScanManager.swift */; };
		4E9936C02AEFD539001C31FA /* ScanHistoryViewModel.swift in Sources */ = {isa = PBXBuildFile; fileRef = 4E9936BF2AEFD539001C31FA /* ScanHistoryViewModel.swift */; };
		4E9936C32AEFD589001C31FA /* SettingsViewModel.swift in Sources */ = {isa = PBXBuildFile; fileRef = 4E9936C22AEFD589001C31FA /* SettingsViewModel.swift */; };
		4E9936C62AEFD788001C31FA /* GalleryScanView.swift in Sources */ = {isa = PBXBuildFile; fileRef = 4E9936C52AEFD788001C31FA /* GalleryScanView.swift */; };
		4E9936C92AEFDAFE001C31FA /* GalleryScanViewModel.swift in Sources */ = {isa = PBXBuildFile; fileRef = 4E9936C82AEFDAFE001C31FA /* GalleryScanViewModel.swift */; };
		4E9936CB2AEFE7DC001C31FA /* README.md in Resources */ = {isa = PBXBuildFile; fileRef = 4E9936CA2AEFE7DC001C31FA /* README.md */; };
		4EDE55022AE7DD34002386E7 /* SimplyQRApp.swift in Sources */ = {isa = PBXBuildFile; fileRef = 4EDE55012AE7DD34002386E7 /* SimplyQRApp.swift */; };
		4EDE55042AE7DD34002386E7 /* RootView.swift in Sources */ = {isa = PBXBuildFile; fileRef = 4EDE55032AE7DD34002386E7 /* RootView.swift */; };
		4EDE55062AE7DD35002386E7 /* Assets.xcassets in Resources */ = {isa = PBXBuildFile; fileRef = 4EDE55052AE7DD35002386E7 /* Assets.xcassets */; };
		4EDE55092AE7DD35002386E7 /* Preview Assets.xcassets in Resources */ = {isa = PBXBuildFile; fileRef = 4EDE55082AE7DD35002386E7 /* Preview Assets.xcassets */; };
/* End PBXBuildFile section */

/* Begin PBXFileReference section */
		4E9936A52AEFC15D001C31FA /* MainTabView.swift */ = {isa = PBXFileReference; lastKnownFileType = sourcecode.swift; path = MainTabView.swift; sourceTree = "<group>"; };
		4E9936A92AEFC27C001C31FA /* SettingsView.swift */ = {isa = PBXFileReference; lastKnownFileType = sourcecode.swift; path = SettingsView.swift; sourceTree = "<group>"; };
		4E9936AF2AEFC5BB001C31FA /* ScannerView.swift */ = {isa = PBXFileReference; lastKnownFileType = sourcecode.swift; path = ScannerView.swift; sourceTree = "<group>"; };
		4E9936B52AEFCE04001C31FA /* ScanHistoryView.swift */ = {isa = PBXFileReference; lastKnownFileType = sourcecode.swift; path = ScanHistoryView.swift; sourceTree = "<group>"; };
		4E9936B82AEFD17B001C31FA /* ScanDataModel.swift */ = {isa = PBXFileReference; lastKnownFileType = sourcecode.swift; path = ScanDataModel.swift; sourceTree = "<group>"; };
		4E9936BB2AEFD1F4001C31FA /* ScanHistoryManager.swift */ = {isa = PBXFileReference; lastKnownFileType = sourcecode.swift; path = ScanHistoryManager.swift; sourceTree = "<group>"; };
		4E9936BD2AEFD515001C31FA /* ScanManager.swift */ = {isa = PBXFileReference; lastKnownFileType = sourcecode.swift; path = ScanManager.swift; sourceTree = "<group>"; };
		4E9936BF2AEFD539001C31FA /* ScanHistoryViewModel.swift */ = {isa = PBXFileReference; lastKnownFileType = sourcecode.swift; path = ScanHistoryViewModel.swift; sourceTree = "<group>"; };
		4E9936C22AEFD589001C31FA /* SettingsViewModel.swift */ = {isa = PBXFileReference; fileEncoding = 4; lastKnownFileType = sourcecode.swift; name = SettingsViewModel.swift; path = SimplyQR/Views/Settings/SettingsViewModel.swift; sourceTree = SOURCE_ROOT; };
		4E9936C52AEFD788001C31FA /* GalleryScanView.swift */ = {isa = PBXFileReference; lastKnownFileType = sourcecode.swift; path = GalleryScanView.swift; sourceTree = "<group>"; };
		4E9936C82AEFDAFE001C31FA /* GalleryScanViewModel.swift */ = {isa = PBXFileReference; lastKnownFileType = sourcecode.swift; path = GalleryScanViewModel.swift; sourceTree = "<group>"; };
		4E9936CA2AEFE7DC001C31FA /* README.md */ = {isa = PBXFileReference; fileEncoding = 4; lastKnownFileType = net.daringfireball.markdown; path = README.md; sourceTree = "<group>"; };
		4E9936CC2AEFE8A2001C31FA /* LICENSE */ = {isa = PBXFileReference; lastKnownFileType = text; path = LICENSE; sourceTree = "<group>"; };
		4EAE21DE2AE7E36500133604 /* Info.plist */ = {isa = PBXFileReference; lastKnownFileType = text.plist; path = Info.plist; sourceTree = "<group>"; };
		4EDE54FE2AE7DD34002386E7 /* SimplyQR.app */ = {isa = PBXFileReference; explicitFileType = wrapper.application; includeInIndex = 0; path = SimplyQR.app; sourceTree = BUILT_PRODUCTS_DIR; };
		4EDE55012AE7DD34002386E7 /* SimplyQRApp.swift */ = {isa = PBXFileReference; lastKnownFileType = sourcecode.swift; path = SimplyQRApp.swift; sourceTree = "<group>"; };
		4EDE55032AE7DD34002386E7 /* RootView.swift */ = {isa = PBXFileReference; lastKnownFileType = sourcecode.swift; path = RootView.swift; sourceTree = "<group>"; };
		4EDE55052AE7DD35002386E7 /* Assets.xcassets */ = {isa = PBXFileReference; lastKnownFileType = folder.assetcatalog; path = Assets.xcassets; sourceTree = "<group>"; };
		4EDE55082AE7DD35002386E7 /* Preview Assets.xcassets */ = {isa = PBXFileReference; lastKnownFileType = folder.assetcatalog; path = "Preview Assets.xcassets"; sourceTree = "<group>"; };
/* End PBXFileReference section */

/* Begin PBXFrameworksBuildPhase section */
		4EDE54FB2AE7DD34002386E7 /* Frameworks */ = {
			isa = PBXFrameworksBuildPhase;
			buildActionMask = 2147483647;
			files = (
				4E9936B32AEFC6B1001C31FA /* CodeScanner in Frameworks */,
			);
			runOnlyForDeploymentPostprocessing = 0;
		};
/* End PBXFrameworksBuildPhase section */

/* Begin PBXGroup section */
		4E9936A22AEFC0F4001C31FA /* Views */ = {
			isa = PBXGroup;
			children = (
				4E9936B42AEFCDF4001C31FA /* History */,
				4E9936A82AEFC23B001C31FA /* Settings */,
				4E9936A72AEFC236001C31FA /* Scanner */,
				4E9936A42AEFC127001C31FA /* TabBar */,
				4EDE55032AE7DD34002386E7 /* RootView.swift */,
			);
			path = Views;
			sourceTree = "<group>";
		};
		4E9936A42AEFC127001C31FA /* TabBar */ = {
			isa = PBXGroup;
			children = (
				4E9936A52AEFC15D001C31FA /* MainTabView.swift */,
			);
			path = TabBar;
			sourceTree = "<group>";
		};
		4E9936A72AEFC236001C31FA /* Scanner */ = {
			isa = PBXGroup;
			children = (
				4E9936C72AEFDAF0001C31FA /* vm */,
				4E9936AF2AEFC5BB001C31FA /* ScannerView.swift */,
				4E9936C52AEFD788001C31FA /* GalleryScanView.swift */,
			);
			path = Scanner;
			sourceTree = "<group>";
		};
		4E9936A82AEFC23B001C31FA /* Settings */ = {
			isa = PBXGroup;
			children = (
				4E9936C12AEFD575001C31FA /* vm */,
				4E9936A92AEFC27C001C31FA /* SettingsView.swift */,
			);
			path = Settings;
			sourceTree = "<group>";
		};
		4E9936B42AEFCDF4001C31FA /* History */ = {
			isa = PBXGroup;
			children = (
				4E9936C42AEFD5AC001C31FA /* vm */,
				4E9936B52AEFCE04001C31FA /* ScanHistoryView.swift */,
			);
			path = History;
			sourceTree = "<group>";
		};
		4E9936B72AEFD160001C31FA /* ScanData */ = {
			isa = PBXGroup;
			children = (
				4E9936B82AEFD17B001C31FA /* ScanDataModel.swift */,
				4E9936BD2AEFD515001C31FA /* ScanManager.swift */,
			);
			path = ScanData;
			sourceTree = "<group>";
		};
		4E9936BA2AEFD1E4001C31FA /* History */ = {
			isa = PBXGroup;
			children = (
				4E9936BB2AEFD1F4001C31FA /* ScanHistoryManager.swift */,
			);
			path = History;
			sourceTree = "<group>";
		};
		4E9936C12AEFD575001C31FA /* vm */ = {
			isa = PBXGroup;
			children = (
				4E9936C22AEFD589001C31FA /* SettingsViewModel.swift */,
			);
			path = vm;
			sourceTree = "<group>";
		};
		4E9936C42AEFD5AC001C31FA /* vm */ = {
			isa = PBXGroup;
			children = (
				4E9936BF2AEFD539001C31FA /* ScanHistoryViewModel.swift */,
			);
			path = vm;
			sourceTree = "<group>";
		};
		4E9936C72AEFDAF0001C31FA /* vm */ = {
			isa = PBXGroup;
			children = (
				4E9936C82AEFDAFE001C31FA /* GalleryScanViewModel.swift */,
			);
			path = vm;
			sourceTree = "<group>";
		};
		4EDE54F52AE7DD34002386E7 = {
			isa = PBXGroup;
			children = (
				4EDE55002AE7DD34002386E7 /* SimplyQR */,
				4E9936CC2AEFE8A2001C31FA /* LICENSE */,
				4E9936CA2AEFE7DC001C31FA /* README.md */,
				4EDE54FF2AE7DD34002386E7 /* Products */,
			);
			sourceTree = "<group>";
		};
		4EDE54FF2AE7DD34002386E7 /* Products */ = {
			isa = PBXGroup;
			children = (
				4EDE54FE2AE7DD34002386E7 /* SimplyQR.app */,
			);
			name = Products;
			sourceTree = "<group>";
		};
		4EDE55002AE7DD34002386E7 /* SimplyQR */ = {
			isa = PBXGroup;
			children = (
				4E9936BA2AEFD1E4001C31FA /* History */,
				4E9936B72AEFD160001C31FA /* ScanData */,
				4E9936A22AEFC0F4001C31FA /* Views */,
				4EAE21DE2AE7E36500133604 /* Info.plist */,
				4EDE55012AE7DD34002386E7 /* SimplyQRApp.swift */,
				4EDE55052AE7DD35002386E7 /* Assets.xcassets */,
				4EDE55072AE7DD35002386E7 /* Preview Content */,
			);
			path = SimplyQR;
			sourceTree = "<group>";
		};
		4EDE55072AE7DD35002386E7 /* Preview Content */ = {
			isa = PBXGroup;
			children = (
				4EDE55082AE7DD35002386E7 /* Preview Assets.xcassets */,
			);
			path = "Preview Content";
			sourceTree = "<group>";
		};
/* End PBXGroup section */

/* Begin PBXNativeTarget section */
		4EDE54FD2AE7DD34002386E7 /* SimplyQR */ = {
			isa = PBXNativeTarget;
			buildConfigurationList = 4EDE550C2AE7DD35002386E7 /* Build configuration list for PBXNativeTarget "SimplyQR" */;
			buildPhases = (
				4EDE54FA2AE7DD34002386E7 /* Sources */,
				4EDE54FB2AE7DD34002386E7 /* Frameworks */,
				4EDE54FC2AE7DD34002386E7 /* Resources */,
			);
			buildRules = (
			);
			dependencies = (
			);
			name = SimplyQR;
			packageProductDependencies = (
				4E9936B22AEFC6B1001C31FA /* CodeScanner */,
			);
			productName = SimplyQR;
			productReference = 4EDE54FE2AE7DD34002386E7 /* SimplyQR.app */;
			productType = "com.apple.product-type.application";
		};
/* End PBXNativeTarget section */

/* Begin PBXProject section */
		4EDE54F62AE7DD34002386E7 /* Project object */ = {
			isa = PBXProject;
			attributes = {
				BuildIndependentTargetsInParallel = 1;
				LastSwiftUpdateCheck = 1500;
				LastUpgradeCheck = 1500;
				TargetAttributes = {
					4EDE54FD2AE7DD34002386E7 = {
						CreatedOnToolsVersion = 15.0.1;
					};
				};
			};
			buildConfigurationList = 4EDE54F92AE7DD34002386E7 /* Build configuration list for PBXProject "SimplyQR" */;
			compatibilityVersion = "Xcode 14.0";
			developmentRegion = en;
			hasScannedForEncodings = 0;
			knownRegions = (
				en,
				Base,
			);
			mainGroup = 4EDE54F52AE7DD34002386E7;
			packageReferences = (
				4E9936B12AEFC6B1001C31FA /* XCRemoteSwiftPackageReference "CodeScanner" */,
			);
			productRefGroup = 4EDE54FF2AE7DD34002386E7 /* Products */;
			projectDirPath = "";
			projectRoot = "";
			targets = (
				4EDE54FD2AE7DD34002386E7 /* SimplyQR */,
			);
		};
/* End PBXProject section */

/* Begin PBXResourcesBuildPhase section */
		4EDE54FC2AE7DD34002386E7 /* Resources */ = {
			isa = PBXResourcesBuildPhase;
			buildActionMask = 2147483647;
			files = (
				4E9936CB2AEFE7DC001C31FA /* README.md in Resources */,
				4EDE55092AE7DD35002386E7 /* Preview Assets.xcassets in Resources */,
				4EDE55062AE7DD35002386E7 /* Assets.xcassets in Resources */,
			);
			runOnlyForDeploymentPostprocessing = 0;
		};
/* End PBXResourcesBuildPhase section */

/* Begin PBXSourcesBuildPhase section */
		4EDE54FA2AE7DD34002386E7 /* Sources */ = {
			isa = PBXSourcesBuildPhase;
			buildActionMask = 2147483647;
			files = (
				4E9936C62AEFD788001C31FA /* GalleryScanView.swift in Sources */,
				4EDE55042AE7DD34002386E7 /* RootView.swift in Sources */,
				4E9936C92AEFDAFE001C31FA /* GalleryScanViewModel.swift in Sources */,
				4E9936AA2AEFC27C001C31FA /* SettingsView.swift in Sources */,
				4E9936BC2AEFD1F4001C31FA /* ScanHistoryManager.swift in Sources */,
				4E9936BE2AEFD515001C31FA /* ScanManager.swift in Sources */,
				4E9936B02AEFC5BB001C31FA /* ScannerView.swift in Sources */,
				4EDE55022AE7DD34002386E7 /* SimplyQRApp.swift in Sources */,
				4E9936B62AEFCE04001C31FA /* ScanHistoryView.swift in Sources */,
				4E9936C02AEFD539001C31FA /* ScanHistoryViewModel.swift in Sources */,
				4E9936C32AEFD589001C31FA /* SettingsViewModel.swift in Sources */,
				4E9936B92AEFD17B001C31FA /* ScanDataModel.swift in Sources */,
				4E9936A62AEFC15D001C31FA /* MainTabView.swift in Sources */,
			);
			runOnlyForDeploymentPostprocessing = 0;
		};
/* End PBXSourcesBuildPhase section */

/* Begin XCBuildConfiguration section */
		4EDE550A2AE7DD35002386E7 /* Debug */ = {
			isa = XCBuildConfiguration;
			buildSettings = {
				ALWAYS_SEARCH_USER_PATHS = NO;
				ASSETCATALOG_COMPILER_GENERATE_SWIFT_ASSET_SYMBOL_EXTENSIONS = YES;
				CLANG_ANALYZER_NONNULL = YES;
				CLANG_ANALYZER_NUMBER_OBJECT_CONVERSION = YES_AGGRESSIVE;
				CLANG_CXX_LANGUAGE_STANDARD = "gnu++20";
				CLANG_ENABLE_MODULES = YES;
				CLANG_ENABLE_OBJC_ARC = YES;
				CLANG_ENABLE_OBJC_WEAK = YES;
				CLANG_WARN_BLOCK_CAPTURE_AUTORELEASING = YES;
				CLANG_WARN_BOOL_CONVERSION = YES;
				CLANG_WARN_COMMA = YES;
				CLANG_WARN_CONSTANT_CONVERSION = YES;
				CLANG_WARN_DEPRECATED_OBJC_IMPLEMENTATIONS = YES;
				CLANG_WARN_DIRECT_OBJC_ISA_USAGE = YES_ERROR;
				CLANG_WARN_DOCUMENTATION_COMMENTS = YES;
				CLANG_WARN_EMPTY_BODY = YES;
				CLANG_WARN_ENUM_CONVERSION = YES;
				CLANG_WARN_INFINITE_RECURSION = YES;
				CLANG_WARN_INT_CONVERSION = YES;
				CLANG_WARN_NON_LITERAL_NULL_CONVERSION = YES;
				CLANG_WARN_OBJC_IMPLICIT_RETAIN_SELF = YES;
				CLANG_WARN_OBJC_LITERAL_CONVERSION = YES;
				CLANG_WARN_OBJC_ROOT_CLASS = YES_ERROR;
				CLANG_WARN_QUOTED_INCLUDE_IN_FRAMEWORK_HEADER = YES;
				CLANG_WARN_RANGE_LOOP_ANALYSIS = YES;
				CLANG_WARN_STRICT_PROTOTYPES = YES;
				CLANG_WARN_SUSPICIOUS_MOVE = YES;
				CLANG_WARN_UNGUARDED_AVAILABILITY = YES_AGGRESSIVE;
				CLANG_WARN_UNREACHABLE_CODE = YES;
				CLANG_WARN__DUPLICATE_METHOD_MATCH = YES;
				COPY_PHASE_STRIP = NO;
				DEBUG_INFORMATION_FORMAT = dwarf;
				ENABLE_STRICT_OBJC_MSGSEND = YES;
				ENABLE_TESTABILITY = YES;
				ENABLE_USER_SCRIPT_SANDBOXING = YES;
				GCC_C_LANGUAGE_STANDARD = gnu17;
				GCC_DYNAMIC_NO_PIC = NO;
				GCC_NO_COMMON_BLOCKS = YES;
				GCC_OPTIMIZATION_LEVEL = 0;
				GCC_PREPROCESSOR_DEFINITIONS = (
					"DEBUG=1",
					"$(inherited)",
				);
				GCC_WARN_64_TO_32_BIT_CONVERSION = YES;
				GCC_WARN_ABOUT_RETURN_TYPE = YES_ERROR;
				GCC_WARN_UNDECLARED_SELECTOR = YES;
				GCC_WARN_UNINITIALIZED_AUTOS = YES_AGGRESSIVE;
				GCC_WARN_UNUSED_FUNCTION = YES;
				GCC_WARN_UNUSED_VARIABLE = YES;
				IPHONEOS_DEPLOYMENT_TARGET = 17.0;
				LOCALIZATION_PREFERS_STRING_CATALOGS = YES;
				MTL_ENABLE_DEBUG_INFO = INCLUDE_SOURCE;
				MTL_FAST_MATH = YES;
				ONLY_ACTIVE_ARCH = YES;
				SDKROOT = iphoneos;
				SWIFT_ACTIVE_COMPILATION_CONDITIONS = "DEBUG $(inherited)";
				SWIFT_OPTIMIZATION_LEVEL = "-Onone";
			};
			name = Debug;
		};
		4EDE550B2AE7DD35002386E7 /* Release */ = {
			isa = XCBuildConfiguration;
			buildSettings = {
				ALWAYS_SEARCH_USER_PATHS = NO;
				ASSETCATALOG_COMPILER_GENERATE_SWIFT_ASSET_SYMBOL_EXTENSIONS = YES;
				CLANG_ANALYZER_NONNULL = YES;
				CLANG_ANALYZER_NUMBER_OBJECT_CONVERSION = YES_AGGRESSIVE;
				CLANG_CXX_LANGUAGE_STANDARD = "gnu++20";
				CLANG_ENABLE_MODULES = YES;
				CLANG_ENABLE_OBJC_ARC = YES;
				CLANG_ENABLE_OBJC_WEAK = YES;
				CLANG_WARN_BLOCK_CAPTURE_AUTORELEASING = YES;
				CLANG_WARN_BOOL_CONVERSION = YES;
				CLANG_WARN_COMMA = YES;
				CLANG_WARN_CONSTANT_CONVERSION = YES;
				CLANG_WARN_DEPRECATED_OBJC_IMPLEMENTATIONS = YES;
				CLANG_WARN_DIRECT_OBJC_ISA_USAGE = YES_ERROR;
				CLANG_WARN_DOCUMENTATION_COMMENTS = YES;
				CLANG_WARN_EMPTY_BODY = YES;
				CLANG_WARN_ENUM_CONVERSION = YES;
				CLANG_WARN_INFINITE_RECURSION = YES;
				CLANG_WARN_INT_CONVERSION = YES;
				CLANG_WARN_NON_LITERAL_NULL_CONVERSION = YES;
				CLANG_WARN_OBJC_IMPLICIT_RETAIN_SELF = YES;
				CLANG_WARN_OBJC_LITERAL_CONVERSION = YES;
				CLANG_WARN_OBJC_ROOT_CLASS = YES_ERROR;
				CLANG_WARN_QUOTED_INCLUDE_IN_FRAMEWORK_HEADER = YES;
				CLANG_WARN_RANGE_LOOP_ANALYSIS = YES;
				CLANG_WARN_STRICT_PROTOTYPES = YES;
				CLANG_WARN_SUSPICIOUS_MOVE = YES;
				CLANG_WARN_UNGUARDED_AVAILABILITY = YES_AGGRESSIVE;
				CLANG_WARN_UNREACHABLE_CODE = YES;
				CLANG_WARN__DUPLICATE_METHOD_MATCH = YES;
				COPY_PHASE_STRIP = NO;
				DEBUG_INFORMATION_FORMAT = "dwarf-with-dsym";
				ENABLE_NS_ASSERTIONS = NO;
				ENABLE_STRICT_OBJC_MSGSEND = YES;
				ENABLE_USER_SCRIPT_SANDBOXING = YES;
				GCC_C_LANGUAGE_STANDARD = gnu17;
				GCC_NO_COMMON_BLOCKS = YES;
				GCC_WARN_64_TO_32_BIT_CONVERSION = YES;
				GCC_WARN_ABOUT_RETURN_TYPE = YES_ERROR;
				GCC_WARN_UNDECLARED_SELECTOR = YES;
				GCC_WARN_UNINITIALIZED_AUTOS = YES_AGGRESSIVE;
				GCC_WARN_UNUSED_FUNCTION = YES;
				GCC_WARN_UNUSED_VARIABLE = YES;
				IPHONEOS_DEPLOYMENT_TARGET = 17.0;
				LOCALIZATION_PREFERS_STRING_CATALOGS = YES;
				MTL_ENABLE_DEBUG_INFO = NO;
				MTL_FAST_MATH = YES;
				SDKROOT = iphoneos;
				SWIFT_COMPILATION_MODE = wholemodule;
				VALIDATE_PRODUCT = YES;
			};
			name = Release;
		};
		4EDE550D2AE7DD35002386E7 /* Debug */ = {
			isa = XCBuildConfiguration;
			buildSettings = {
				ASSETCATALOG_COMPILER_APPICON_NAME = AppIcon;
				ASSETCATALOG_COMPILER_GLOBAL_ACCENT_COLOR_NAME = AccentColor;
				CODE_SIGN_STYLE = Automatic;
				CURRENT_PROJECT_VERSION = 1;
				DEVELOPMENT_ASSET_PATHS = "\"SimplyQR/Preview Content\"";
				DEVELOPMENT_TEAM = YNXKWJVFQG;
				ENABLE_PREVIEWS = YES;
				GENERATE_INFOPLIST_FILE = YES;
				INFOPLIST_FILE = SimplyQR/Info.plist;
				INFOPLIST_KEY_UIApplicationSceneManifest_Generation = YES;
				INFOPLIST_KEY_UIApplicationSupportsIndirectInputEvents = YES;
				INFOPLIST_KEY_UILaunchScreen_Generation = YES;
				INFOPLIST_KEY_UISupportedInterfaceOrientations_iPad = "UIInterfaceOrientationPortrait UIInterfaceOrientationPortraitUpsideDown UIInterfaceOrientationLandscapeLeft UIInterfaceOrientationLandscapeRight";
				INFOPLIST_KEY_UISupportedInterfaceOrientations_iPhone = "UIInterfaceOrientationPortrait UIInterfaceOrientationLandscapeLeft UIInterfaceOrientationLandscapeRight";
				IPHONEOS_DEPLOYMENT_TARGET = 16.6;
				LD_RUNPATH_SEARCH_PATHS = (
					"$(inherited)",
					"@executable_path/Frameworks",
				);
				MARKETING_VERSION = 1.0;
				PRODUCT_BUNDLE_IDENTIFIER = io.galbo.SimplyQR;
				PRODUCT_NAME = "$(TARGET_NAME)";
				SUPPORTED_PLATFORMS = "iphoneos iphonesimulator";
				SUPPORTS_MACCATALYST = NO;
				SUPPORTS_MAC_DESIGNED_FOR_IPHONE_IPAD = NO;
				SWIFT_EMIT_LOC_STRINGS = YES;
				SWIFT_VERSION = 5.0;
				TARGETED_DEVICE_FAMILY = 1;
			};
			name = Debug;
		};
		4EDE550E2AE7DD35002386E7 /* Release */ = {
			isa = XCBuildConfiguration;
			buildSettings = {
				ASSETCATALOG_COMPILER_APPICON_NAME = AppIcon;
				ASSETCATALOG_COMPILER_GLOBAL_ACCENT_COLOR_NAME = AccentColor;
				CODE_SIGN_STYLE = Automatic;
				CURRENT_PROJECT_VERSION = 1;
				DEVELOPMENT_ASSET_PATHS = "\"SimplyQR/Preview Content\"";
				DEVELOPMENT_TEAM = YNXKWJVFQG;
				ENABLE_PREVIEWS = YES;
				GENERATE_INFOPLIST_FILE = YES;
				INFOPLIST_FILE = SimplyQR/Info.plist;
				INFOPLIST_KEY_UIApplicationSceneManifest_Generation = YES;
				INFOPLIST_KEY_UIApplicationSupportsIndirectInputEvents = YES;
				INFOPLIST_KEY_UILaunchScreen_Generation = YES;
				INFOPLIST_KEY_UISupportedInterfaceOrientations_iPad = "UIInterfaceOrientationPortrait UIInterfaceOrientationPortraitUpsideDown UIInterfaceOrientationLandscapeLeft UIInterfaceOrientationLandscapeRight";
				INFOPLIST_KEY_UISupportedInterfaceOrientations_iPhone = "UIInterfaceOrientationPortrait UIInterfaceOrientationLandscapeLeft UIInterfaceOrientationLandscapeRight";
				IPHONEOS_DEPLOYMENT_TARGET = 16.6;
				LD_RUNPATH_SEARCH_PATHS = (
					"$(inherited)",
					"@executable_path/Frameworks",
				);
				MARKETING_VERSION = 1.0;
				PRODUCT_BUNDLE_IDENTIFIER = io.galbo.SimplyQR;
				PRODUCT_NAME = "$(TARGET_NAME)";
				SUPPORTED_PLATFORMS = "iphoneos iphonesimulator";
				SUPPORTS_MACCATALYST = NO;
				SUPPORTS_MAC_DESIGNED_FOR_IPHONE_IPAD = NO;
				SWIFT_EMIT_LOC_STRINGS = YES;
				SWIFT_VERSION = 5.0;
				TARGETED_DEVICE_FAMILY = 1;
			};
			name = Release;
		};
/* End XCBuildConfiguration section */

/* Begin XCConfigurationList section */
		4EDE54F92AE7DD34002386E7 /* Build configuration list for PBXProject "SimplyQR" */ = {
			isa = XCConfigurationList;
			buildConfigurations = (
				4EDE550A2AE7DD35002386E7 /* Debug */,
				4EDE550B2AE7DD35002386E7 /* Release */,
			);
			defaultConfigurationIsVisible = 0;
			defaultConfigurationName = Release;
		};
		4EDE550C2AE7DD35002386E7 /* Build configuration list for PBXNativeTarget "SimplyQR" */ = {
			isa = XCConfigurationList;
			buildConfigurations = (
				4EDE550D2AE7DD35002386E7 /* Debug */,
				4EDE550E2AE7DD35002386E7 /* Release */,
			);
			defaultConfigurationIsVisible = 0;
			defaultConfigurationName = Release;
		};
/* End XCConfigurationList section */

/* Begin XCRemoteSwiftPackageReference section */
		4E9936B12AEFC6B1001C31FA /* XCRemoteSwiftPackageReference "CodeScanner" */ = {
			isa = XCRemoteSwiftPackageReference;
			repositoryURL = "https://github.com/twostraws/CodeScanner.git";
			requirement = {
				kind = upToNextMajorVersion;
				minimumVersion = 2.3.3;
			};
		};
/* End XCRemoteSwiftPackageReference section */

/* Begin XCSwiftPackageProductDependency section */
		4E9936B22AEFC6B1001C31FA /* CodeScanner */ = {
			isa = XCSwiftPackageProductDependency;
			package = 4E9936B12AEFC6B1001C31FA /* XCRemoteSwiftPackageReference "CodeScanner" */;
			productName = CodeScanner;
		};
/* End XCSwiftPackageProductDependency section */
	};
	rootObject = 4EDE54F62AE7DD34002386E7 /* Project object */;
}
